
Microsoft Visual Studio Solution File, Format Version 12.00
# Visual Studio 15
VisualStudioVersion = 15.0.27130.0
MinimumVisualStudioVersion = 10.0.40219.1
Project("{FAE04EC0-301F-11D3-BF4B-00C04F79EFBC}") = "SimpleExpressionInterpreter", "SimpleExpressionInterpreter\SimpleExpressionInterpreter.csproj", "{72E00A67-A14F-4519-8BAA-DBA9B06BA3E8}"
EndProject
Project("{FAE04EC0-301F-11D3-BF4B-00C04F79EFBC}") = "ExpressionInterpreterTest", "ExpressionInterpreterTest\ExpressionInterpreterTest.csproj", "{73F27EC4-3BDA-4DE2-99EF-54E3898610DA}"
EndProject
Global
	GlobalSection(SolutionConfigurationPlatforms) = preSolution
		Debug|Any CPU = Debug|Any CPU
		Release|Any CPU = Release|Any CPU
	EndGlobalSection
	GlobalSection(ProjectConfigurationPlatforms) = postSolution
		{72E00A67-A14F-4519-8BAA-DBA9B06BA3E8}.Debug|Any CPU.ActiveCfg = Debug|Any CPU
		{72E00A67-A14F-4519-8BAA-DBA9B06BA3E8}.Debug|Any CPU.Build.0 = Debug|Any CPU
		{72E00A67-A14F-4519-8BAA-DBA9B06BA3E8}.Release|Any CPU.ActiveCfg = Release|Any CPU
		{72E00A67-A14F-4519-8BAA-DBA9B06BA3E8}.Release|Any CPU.Build.0 = Release|Any CPU
		{73F27EC4-3BDA-4DE2-99EF-54E3898610DA}.Debug|Any CPU.ActiveCfg = Debug|Any CPU
		{73F27EC4-3BDA-4DE2-99EF-54E3898610DA}.Debug|Any CPU.Build.0 = Debug|Any CPU
		{73F27EC4-3BDA-4DE2-99EF-54E3898610DA}.Release|Any CPU.ActiveCfg = Release|Any CPU
		{73F27EC4-3BDA-4DE2-99EF-54E3898610DA}.Release|Any CPU.Build.0 = Release|Any CPU
	EndGlobalSection
	GlobalSection(SolutionProperties) = preSolution
		HideSolutionNode = FALSE
	EndGlobalSection
	GlobalSection(ExtensibilityGlobals) = postSolution
		SolutionGuid = {4FEA9A0A-247C-4117-83C9-CE6A6D5DE828}
	EndGlobalSection
EndGlobal
